
Microsoft Visual Studio Solution File, Format Version 12.00
# Visual Studio Version 17
VisualStudioVersion = 17.14.36414.22 d17.14
MinimumVisualStudioVersion = 10.0.40219.1
Project("{FAE04EC0-301F-11D3-BF4B-00C04F79EFBC}") = "kt9.3", "kt9.3\kt9.3.csproj", "{4147C36E-8098-4A74-BE37-67285EF4195E}"
EndProject
Global
	GlobalSection(SolutionConfigurationPlatforms) = preSolution
		Debug|Any CPU = Debug|Any CPU
		Release|Any CPU = Release|Any CPU
	EndGlobalSection
	GlobalSection(ProjectConfigurationPlatforms) = postSolution
		{4147C36E-8098-4A74-BE37-67285EF4195E}.Debug|Any CPU.ActiveCfg = Debug|Any CPU
		{4147C36E-8098-4A74-BE37-67285EF4195E}.Debug|Any CPU.Build.0 = Debug|Any CPU
		{4147C36E-8098-4A74-BE37-67285EF4195E}.Release|Any CPU.ActiveCfg = Release|Any CPU
		{4147C36E-8098-4A74-BE37-67285EF4195E}.Release|Any CPU.Build.0 = Release|Any CPU
	EndGlobalSection
	GlobalSection(SolutionProperties) = preSolution
		HideSolutionNode = FALSE
	EndGlobalSection
	GlobalSection(ExtensibilityGlobals) = postSolution
		SolutionGuid = {6592D077-57DA-41CB-B173-D807920C9FF1}
	EndGlobalSection
EndGlobal
